
Microsoft Visual Studio Solution File, Format Version 12.00
# Visual Studio Version 17
VisualStudioVersion = 17.1.32414.318
MinimumVisualStudioVersion = 10.0.40219.1
Project("{FAE04EC0-301F-11D3-BF4B-00C04F79EFBC}") = "Module_2", "Module_2\Module_2.csproj", "{8BC01818-2A4A-47CC-BB64-379B0729BF3D}"
EndProject
Global
	GlobalSection(SolutionConfigurationPlatforms) = preSolution
		Debug|Any CPU = Debug|Any CPU
		Release|Any CPU = Release|Any CPU
	EndGlobalSection
	GlobalSection(ProjectConfigurationPlatforms) = postSolution
		{8BC01818-2A4A-47CC-BB64-379B0729BF3D}.Debug|Any CPU.ActiveCfg = Debug|Any CPU
		{8BC01818-2A4A-47CC-BB64-379B0729BF3D}.Debug|Any CPU.Build.0 = Debug|Any CPU
		{8BC01818-2A4A-47CC-BB64-379B0729BF3D}.Release|Any CPU.ActiveCfg = Release|Any CPU
		{8BC01818-2A4A-47CC-BB64-379B0729BF3D}.Release|Any CPU.Build.0 = Release|Any CPU
	EndGlobalSection
	GlobalSection(SolutionProperties) = preSolution
		HideSolutionNode = FALSE
	EndGlobalSection
	GlobalSection(ExtensibilityGlobals) = postSolution
		SolutionGuid = {1CE1E9A6-6141-4008-A656-7E9B6AB00BBF}
	EndGlobalSection
EndGlobal
